
Microsoft Visual Studio Solution File, Format Version 12.00
# Visual Studio Version 17
VisualStudioVersion = 17.1.32210.238
MinimumVisualStudioVersion = 10.0.40219.1
Project("{9A19103F-16F7-4668-BE54-9A1E7A4F7556}") = "P1", "P1.csproj", "{A88B6687-66EF-45ED-8E77-A5C1F4DA6BAC}"
EndProject
Project("{FAE04EC0-301F-11D3-BF4B-00C04F79EFBC}") = "P1 Testing", "..\P1 Testing\P1 Testing.csproj", "{38E97FA4-F9E4-46F5-BC95-61A369491228}"
EndProject
Global
	GlobalSection(SolutionConfigurationPlatforms) = preSolution
		Debug|Any CPU = Debug|Any CPU
		Release|Any CPU = Release|Any CPU
	EndGlobalSection
	GlobalSection(ProjectConfigurationPlatforms) = postSolution
		{A88B6687-66EF-45ED-8E77-A5C1F4DA6BAC}.Debug|Any CPU.ActiveCfg = Debug|Any CPU
		{A88B6687-66EF-45ED-8E77-A5C1F4DA6BAC}.Debug|Any CPU.Build.0 = Debug|Any CPU
		{A88B6687-66EF-45ED-8E77-A5C1F4DA6BAC}.Release|Any CPU.ActiveCfg = Release|Any CPU
		{A88B6687-66EF-45ED-8E77-A5C1F4DA6BAC}.Release|Any CPU.Build.0 = Release|Any CPU
		{38E97FA4-F9E4-46F5-BC95-61A369491228}.Debug|Any CPU.ActiveCfg = Debug|Any CPU
		{38E97FA4-F9E4-46F5-BC95-61A369491228}.Debug|Any CPU.Build.0 = Debug|Any CPU
		{38E97FA4-F9E4-46F5-BC95-61A369491228}.Release|Any CPU.ActiveCfg = Release|Any CPU
		{38E97FA4-F9E4-46F5-BC95-61A369491228}.Release|Any CPU.Build.0 = Release|Any CPU
	EndGlobalSection
	GlobalSection(SolutionProperties) = preSolution
		HideSolutionNode = FALSE
	EndGlobalSection
	GlobalSection(ExtensibilityGlobals) = postSolution
		SolutionGuid = {92B6975D-D572-4A5E-B244-A97DFA82FD86}
	EndGlobalSection
EndGlobal
